
Microsoft Visual Studio Solution File, Format Version 12.00
# Visual Studio Version 17
VisualStudioVersion = 17.14.36414.22
MinimumVisualStudioVersion = 10.0.40219.1
Project("{FAE04EC0-301F-11D3-BF4B-00C04F79EFBC}") = "Lab_6", "Lab_6\Lab_6.csproj", "{4924ED25-82ED-4FC3-9F3F-80206EFD16D5}"
EndProject
Project("{FAE04EC0-301F-11D3-BF4B-00C04F79EFBC}") = "CarClassTest", "CarClassTest\CarClassTest.csproj", "{E8A51B36-F9EA-CEEE-4A06-7D40A26F0821}"
EndProject
Global
	GlobalSection(SolutionConfigurationPlatforms) = preSolution
		Debug|Any CPU = Debug|Any CPU
		Release|Any CPU = Release|Any CPU
	EndGlobalSection
	GlobalSection(ProjectConfigurationPlatforms) = postSolution
		{4924ED25-82ED-4FC3-9F3F-80206EFD16D5}.Debug|Any CPU.ActiveCfg = Debug|Any CPU
		{4924ED25-82ED-4FC3-9F3F-80206EFD16D5}.Debug|Any CPU.Build.0 = Debug|Any CPU
		{4924ED25-82ED-4FC3-9F3F-80206EFD16D5}.Release|Any CPU.ActiveCfg = Release|Any CPU
		{4924ED25-82ED-4FC3-9F3F-80206EFD16D5}.Release|Any CPU.Build.0 = Release|Any CPU
		{E8A51B36-F9EA-CEEE-4A06-7D40A26F0821}.Debug|Any CPU.ActiveCfg = Debug|Any CPU
		{E8A51B36-F9EA-CEEE-4A06-7D40A26F0821}.Debug|Any CPU.Build.0 = Debug|Any CPU
		{E8A51B36-F9EA-CEEE-4A06-7D40A26F0821}.Release|Any CPU.ActiveCfg = Release|Any CPU
		{E8A51B36-F9EA-CEEE-4A06-7D40A26F0821}.Release|Any CPU.Build.0 = Release|Any CPU
	EndGlobalSection
	GlobalSection(SolutionProperties) = preSolution
		HideSolutionNode = FALSE
	EndGlobalSection
	GlobalSection(ExtensibilityGlobals) = postSolution
		SolutionGuid = {4A442E2A-2B34-4BF5-A706-737F8F8EBC81}
	EndGlobalSection
EndGlobal
